
Microsoft Visual Studio Solution File, Format Version 12.00
# Visual Studio 15
VisualStudioVersion = 15.0.27703.2042
MinimumVisualStudioVersion = 10.0.40219.1
Project("{9A19103F-16F7-4668-BE54-9A1E7A4F7556}") = "AstralDelivery", "AstralDelivery\AstralDelivery.csproj", "{0E067BC7-424B-4602-A436-8C838B0B7FCD}"
EndProject
Project("{9A19103F-16F7-4668-BE54-9A1E7A4F7556}") = "AstralDelivery.Database", "AstralDelivery.Database\AstralDelivery.Database.csproj", "{7EFD0536-E47C-43B1-AE59-0B86D38CDE94}"
EndProject
Project("{9A19103F-16F7-4668-BE54-9A1E7A4F7556}") = "AstralDelivery.Domain", "AstralDelivery.Domain\AstralDelivery.Domain.csproj", "{DA888946-4BB2-4035-8F2D-D3FA0A23E1DF}"
EndProject
Project("{9A19103F-16F7-4668-BE54-9A1E7A4F7556}") = "AstralDelivery.Domain.Entities", "AstralDelivery.Domain.Entities\AstralDelivery.Domain.Entities.csproj", "{2D035A32-E079-4C2B-8D25-6E26D507B949}"
EndProject
Project("{9A19103F-16F7-4668-BE54-9A1E7A4F7556}") = "AstralDelivery.Identity", "AstralDelivery.Identity\AstralDelivery.Identity.csproj", "{3615DEE2-B2B1-43FF-A2B2-DF37E44A7E30}"
EndProject
Project("{FAE04EC0-301F-11D3-BF4B-00C04F79EFBC}") = "AstralDelivery.MailService", "AstralDelivery.MailService\AstralDelivery.MailService.csproj", "{10B2A32F-BB6D-48C6-81EC-47450D9935FE}"
EndProject
Global
	GlobalSection(SolutionConfigurationPlatforms) = preSolution
		Debug|Any CPU = Debug|Any CPU
		Release|Any CPU = Release|Any CPU
	EndGlobalSection
	GlobalSection(ProjectConfigurationPlatforms) = postSolution
		{0E067BC7-424B-4602-A436-8C838B0B7FCD}.Debug|Any CPU.ActiveCfg = Debug|Any CPU
		{0E067BC7-424B-4602-A436-8C838B0B7FCD}.Debug|Any CPU.Build.0 = Debug|Any CPU
		{0E067BC7-424B-4602-A436-8C838B0B7FCD}.Release|Any CPU.ActiveCfg = Release|Any CPU
		{0E067BC7-424B-4602-A436-8C838B0B7FCD}.Release|Any CPU.Build.0 = Release|Any CPU
		{7EFD0536-E47C-43B1-AE59-0B86D38CDE94}.Debug|Any CPU.ActiveCfg = Debug|Any CPU
		{7EFD0536-E47C-43B1-AE59-0B86D38CDE94}.Debug|Any CPU.Build.0 = Debug|Any CPU
		{7EFD0536-E47C-43B1-AE59-0B86D38CDE94}.Release|Any CPU.ActiveCfg = Release|Any CPU
		{7EFD0536-E47C-43B1-AE59-0B86D38CDE94}.Release|Any CPU.Build.0 = Release|Any CPU
		{DA888946-4BB2-4035-8F2D-D3FA0A23E1DF}.Debug|Any CPU.ActiveCfg = Debug|Any CPU
		{DA888946-4BB2-4035-8F2D-D3FA0A23E1DF}.Debug|Any CPU.Build.0 = Debug|Any CPU
		{DA888946-4BB2-4035-8F2D-D3FA0A23E1DF}.Release|Any CPU.ActiveCfg = Release|Any CPU
		{DA888946-4BB2-4035-8F2D-D3FA0A23E1DF}.Release|Any CPU.Build.0 = Release|Any CPU
		{2D035A32-E079-4C2B-8D25-6E26D507B949}.Debug|Any CPU.ActiveCfg = Debug|Any CPU
		{2D035A32-E079-4C2B-8D25-6E26D507B949}.Debug|Any CPU.Build.0 = Debug|Any CPU
		{2D035A32-E079-4C2B-8D25-6E26D507B949}.Release|Any CPU.ActiveCfg = Release|Any CPU
		{2D035A32-E079-4C2B-8D25-6E26D507B949}.Release|Any CPU.Build.0 = Release|Any CPU
		{3615DEE2-B2B1-43FF-A2B2-DF37E44A7E30}.Debug|Any CPU.ActiveCfg = Debug|Any CPU
		{3615DEE2-B2B1-43FF-A2B2-DF37E44A7E30}.Debug|Any CPU.Build.0 = Debug|Any CPU
		{3615DEE2-B2B1-43FF-A2B2-DF37E44A7E30}.Release|Any CPU.ActiveCfg = Release|Any CPU
		{3615DEE2-B2B1-43FF-A2B2-DF37E44A7E30}.Release|Any CPU.Build.0 = Release|Any CPU
		{10B2A32F-BB6D-48C6-81EC-47450D9935FE}.Debug|Any CPU.ActiveCfg = Debug|Any CPU
		{10B2A32F-BB6D-48C6-81EC-47450D9935FE}.Debug|Any CPU.Build.0 = Debug|Any CPU
		{10B2A32F-BB6D-48C6-81EC-47450D9935FE}.Release|Any CPU.ActiveCfg = Release|Any CPU
		{10B2A32F-BB6D-48C6-81EC-47450D9935FE}.Release|Any CPU.Build.0 = Release|Any CPU
	EndGlobalSection
	GlobalSection(SolutionProperties) = preSolution
		HideSolutionNode = FALSE
	EndGlobalSection
	GlobalSection(ExtensibilityGlobals) = postSolution
		SolutionGuid = {BF7AA65A-953D-4BEE-9428-C3134F70BBEA}
	EndGlobalSection
EndGlobal
